
Microsoft Visual Studio Solution File, Format Version 12.00
# Visual Studio Version 16
VisualStudioVersion = 16.0.30204.135
MinimumVisualStudioVersion = 10.0.40219.1
Project("{778DAE3C-4631-46EA-AA77-85C1314464D9}") = "Amplifierinator", "Amplifierinator.vbproj", "{27BE727D-7351-4F66-8A82-94D30D5C8595}"
EndProject
Project("{F184B08F-C81C-45F6-A57F-5ABD9991F28F}") = "Electronics", "..\eleclib\Electronics.vbproj", "{865848DF-590E-4E3B-8CC8-61F669267A9F}"
EndProject
Project("{F184B08F-C81C-45F6-A57F-5ABD9991F28F}") = "simpleApp", "..\simpleApp\simpleApp.vbproj", "{28E05B5B-9F9B-4C6A-85F3-F63A64C425D4}"
EndProject
Global
	GlobalSection(SolutionConfigurationPlatforms) = preSolution
		Debug|Any CPU = Debug|Any CPU
		Release|Any CPU = Release|Any CPU
	EndGlobalSection
	GlobalSection(ProjectConfigurationPlatforms) = postSolution
		{27BE727D-7351-4F66-8A82-94D30D5C8595}.Debug|Any CPU.ActiveCfg = Debug|Any CPU
		{27BE727D-7351-4F66-8A82-94D30D5C8595}.Debug|Any CPU.Build.0 = Debug|Any CPU
		{27BE727D-7351-4F66-8A82-94D30D5C8595}.Release|Any CPU.ActiveCfg = Release|Any CPU
		{27BE727D-7351-4F66-8A82-94D30D5C8595}.Release|Any CPU.Build.0 = Release|Any CPU
		{865848DF-590E-4E3B-8CC8-61F669267A9F}.Debug|Any CPU.ActiveCfg = Debug|Any CPU
		{865848DF-590E-4E3B-8CC8-61F669267A9F}.Debug|Any CPU.Build.0 = Debug|Any CPU
		{865848DF-590E-4E3B-8CC8-61F669267A9F}.Release|Any CPU.ActiveCfg = Release|Any CPU
		{865848DF-590E-4E3B-8CC8-61F669267A9F}.Release|Any CPU.Build.0 = Release|Any CPU
		{28E05B5B-9F9B-4C6A-85F3-F63A64C425D4}.Debug|Any CPU.ActiveCfg = Debug|Any CPU
		{28E05B5B-9F9B-4C6A-85F3-F63A64C425D4}.Debug|Any CPU.Build.0 = Debug|Any CPU
		{28E05B5B-9F9B-4C6A-85F3-F63A64C425D4}.Release|Any CPU.ActiveCfg = Release|Any CPU
		{28E05B5B-9F9B-4C6A-85F3-F63A64C425D4}.Release|Any CPU.Build.0 = Release|Any CPU
	EndGlobalSection
	GlobalSection(SolutionProperties) = preSolution
		HideSolutionNode = FALSE
	EndGlobalSection
	GlobalSection(ExtensibilityGlobals) = postSolution
		SolutionGuid = {A85E905C-B3AD-4CFC-8504-2FA7EDBDDC0D}
	EndGlobalSection
EndGlobal
